
Microsoft Visual Studio Solution File, Format Version 12.00
# Visual Studio Version 16
VisualStudioVersion = 16.0.30523.141
MinimumVisualStudioVersion = 10.0.40219.1
Project("{FAE04EC0-301F-11D3-BF4B-00C04F79EFBC}") = "Searching", "Searching\Searching.csproj", "{D0FA112E-D16D-4C36-89EB-23CF935C691E}"
EndProject
Global
	GlobalSection(SolutionConfigurationPlatforms) = preSolution
		Debug|Any CPU = Debug|Any CPU
		Release|Any CPU = Release|Any CPU
	EndGlobalSection
	GlobalSection(ProjectConfigurationPlatforms) = postSolution
		{D0FA112E-D16D-4C36-89EB-23CF935C691E}.Debug|Any CPU.ActiveCfg = Debug|Any CPU
		{D0FA112E-D16D-4C36-89EB-23CF935C691E}.Debug|Any CPU.Build.0 = Debug|Any CPU
		{D0FA112E-D16D-4C36-89EB-23CF935C691E}.Release|Any CPU.ActiveCfg = Release|Any CPU
		{D0FA112E-D16D-4C36-89EB-23CF935C691E}.Release|Any CPU.Build.0 = Release|Any CPU
	EndGlobalSection
	GlobalSection(SolutionProperties) = preSolution
		HideSolutionNode = FALSE
	EndGlobalSection
	GlobalSection(ExtensibilityGlobals) = postSolution
		SolutionGuid = {46CAD025-8A86-4652-B63A-823704DB8A25}
	EndGlobalSection
EndGlobal
